// !$*UTF8*$!
{
	archiveVersion = 1;
	classes = {
	};
	objectVersion = 56;
	objects = {

/* Begin PBXBuildFile section */
		6427E56B2DA073F4002379F7 /* FavoriteClient.swift in Sources */ = {isa = PBXBuildFile; fileRef = 6427E56A2DA073F4002379F7 /* FavoriteClient.swift */; };
		643B8BD82DCF9D5200FFEFE0 /* EditProfileModalView.swift in Sources */ = {isa = PBXBuildFile; fileRef = 643B8BD72DCF9D5200FFEFE0 /* EditProfileModalView.swift */; };
		64443F722DA905B1009C64A2 /* FiltersView.swift in Sources */ = {isa = PBXBuildFile; fileRef = 64443F712DA905B1009C64A2 /* FiltersView.swift */; };
		64687BE62DA79F4F00CB99FA /* MainPageView.swift in Sources */ = {isa = PBXBuildFile; fileRef = 64687BE52DA79F4F00CB99FA /* MainPageView.swift */; };
		64826B182DAFE25F00FCAF4A /* DropDownView.swift in Sources */ = {isa = PBXBuildFile; fileRef = 64826B172DAFE25F00FCAF4A /* DropDownView.swift */; };
		64826B1A2DB0F8AC00FCAF4A /* AnnounceAnotherPageView.swift in Sources */ = {isa = PBXBuildFile; fileRef = 64826B192DB0F8AC00FCAF4A /* AnnounceAnotherPageView.swift */; };
		64826B1C2DB5463C00FCAF4A /* RegistrationViewModel.swift in Sources */ = {isa = PBXBuildFile; fileRef = 64826B1B2DB5463C00FCAF4A /* RegistrationViewModel.swift */; };
		64826B1F2DB5598A00FCAF4A /* KeychainService.swift in Sources */ = {isa = PBXBuildFile; fileRef = 64826B1E2DB5598A00FCAF4A /* KeychainService.swift */; };
		64826B232DB560A900FCAF4A /* RequestHandlerProtocol.swift in Sources */ = {isa = PBXBuildFile; fileRef = 64826B222DB560A900FCAF4A /* RequestHandlerProtocol.swift */; };
		64826B292DB583B600FCAF4A /* UserSession.swift in Sources */ = {isa = PBXBuildFile; fileRef = 64826B282DB583B600FCAF4A /* UserSession.swift */; };
		64826B2F2DBA37F100FCAF4A /* EUserPage.swift in Sources */ = {isa = PBXBuildFile; fileRef = 64826B2E2DBA37F100FCAF4A /* EUserPage.swift */; };
		64826B312DC2598100FCAF4A /* AnnounceOwnPageView.swift in Sources */ = {isa = PBXBuildFile; fileRef = 64826B302DC2598100FCAF4A /* AnnounceOwnPageView.swift */; };
		64826B332DC259F300FCAF4A /* AnotherUserPageView.swift in Sources */ = {isa = PBXBuildFile; fileRef = 64826B322DC259F300FCAF4A /* AnotherUserPageView.swift */; };
		64826B372DC25EB100FCAF4A /* AnotherUserProfileViewModel.swift in Sources */ = {isa = PBXBuildFile; fileRef = 64826B362DC25EB100FCAF4A /* AnotherUserProfileViewModel.swift */; };
		64826B472DC3613500FCAF4A /* TextFieldStyle+Font.swift in Sources */ = {isa = PBXBuildFile; fileRef = 64826B442DC3613500FCAF4A /* TextFieldStyle+Font.swift */; };
		64826B482DC3613500FCAF4A /* Color+RGB.swift in Sources */ = {isa = PBXBuildFile; fileRef = 64826B432DC3613500FCAF4A /* Color+RGB.swift */; };
		64826B492DC3613500FCAF4A /* UIApplication.swift in Sources */ = {isa = PBXBuildFile; fileRef = 64826B452DC3613500FCAF4A /* UIApplication.swift */; };
		64826B4A2DC3613500FCAF4A /* Color+HSL.swift in Sources */ = {isa = PBXBuildFile; fileRef = 64826B422DC3613500FCAF4A /* Color+HSL.swift */; };
		64826B4C2DC3617300FCAF4A /* Date+.swift in Sources */ = {isa = PBXBuildFile; fileRef = 64826B4B2DC3617300FCAF4A /* Date+.swift */; };
		64826B4E2DC4A35700FCAF4A /* OwnUserPageViewModel.swift in Sources */ = {isa = PBXBuildFile; fileRef = 64826B4D2DC4A35700FCAF4A /* OwnUserPageViewModel.swift */; };
		64826B502DC4A4F500FCAF4A /* OwnUserPageView.swift in Sources */ = {isa = PBXBuildFile; fileRef = 64826B4F2DC4A4F500FCAF4A /* OwnUserPageView.swift */; };
		64826B522DC500F800FCAF4A /* CreateAnnouncementViewModel.swift in Sources */ = {isa = PBXBuildFile; fileRef = 64826B512DC500F800FCAF4A /* CreateAnnouncementViewModel.swift */; };
		64826B572DCA614B00FCAF4A /* CreateAnnouncementModalView.swift in Sources */ = {isa = PBXBuildFile; fileRef = 64826B562DCA614B00FCAF4A /* CreateAnnouncementModalView.swift */; };
		649450872D8B4A1C0021E6BF /* SegmentUserView.swift in Sources */ = {isa = PBXBuildFile; fileRef = 649450862D8B4A1C0021E6BF /* SegmentUserView.swift */; };
		6494508D2D8C82890021E6BF /* LoginView.swift in Sources */ = {isa = PBXBuildFile; fileRef = 6494508C2D8C82890021E6BF /* LoginView.swift */; };
		6494508F2D8C86700021E6BF /* Montserrat-Bold.ttf in Resources */ = {isa = PBXBuildFile; fileRef = 6494508E2D8C86700021E6BF /* Montserrat-Bold.ttf */; };
		649450912D8D46770021E6BF /* RegistrationView.swift in Sources */ = {isa = PBXBuildFile; fileRef = 649450902D8D46770021E6BF /* RegistrationView.swift */; };
		649450962D92A6630021E6BF /* AnnouncClient.swift in Sources */ = {isa = PBXBuildFile; fileRef = 649450952D92A6630021E6BF /* AnnouncClient.swift */; };
		649450982D92A6D10021E6BF /* Announcement.swift in Sources */ = {isa = PBXBuildFile; fileRef = 649450972D92A6D10021E6BF /* Announcement.swift */; };
		6494509A2D92AA8C0021E6BF /* Tag.swift in Sources */ = {isa = PBXBuildFile; fileRef = 649450992D92AA8C0021E6BF /* Tag.swift */; };
		6494509E2D994A1E0021E6BF /* AnnouncementListViewModel.swift in Sources */ = {isa = PBXBuildFile; fileRef = 6494509D2D994A1E0021E6BF /* AnnouncementListViewModel.swift */; };
		649450A92D9EE6BE0021E6BF /* AuthError.swift in Sources */ = {isa = PBXBuildFile; fileRef = 649450A82D9EE6BE0021E6BF /* AuthError.swift */; };
		649450AB2D9EE7340021E6BF /* AuthClient.swift in Sources */ = {isa = PBXBuildFile; fileRef = 649450AA2D9EE7340021E6BF /* AuthClient.swift */; };
		649856BC2D6B1A67001AE27E /* StudyMateApp.swift in Sources */ = {isa = PBXBuildFile; fileRef = 649856BB2D6B1A67001AE27E /* StudyMateApp.swift */; };
		649856BE2D6B1A67001AE27E /* ContentView.swift in Sources */ = {isa = PBXBuildFile; fileRef = 649856BD2D6B1A67001AE27E /* ContentView.swift */; };
		649856C02D6B1A69001AE27E /* Assets.xcassets in Resources */ = {isa = PBXBuildFile; fileRef = 649856BF2D6B1A69001AE27E /* Assets.xcassets */; };
		649856C32D6B1A69001AE27E /* Preview Assets.xcassets in Resources */ = {isa = PBXBuildFile; fileRef = 649856C22D6B1A69001AE27E /* Preview Assets.xcassets */; };
		649856CD2D6B1FB1001AE27E /* MontserratAlternates-Bold.ttf in Resources */ = {isa = PBXBuildFile; fileRef = 649856CC2D6B1FB1001AE27E /* MontserratAlternates-Bold.ttf */; };
		649856D02D6B21E4001AE27E /* Montserrat-Medium.ttf in Resources */ = {isa = PBXBuildFile; fileRef = 649856CF2D6B21E4001AE27E /* Montserrat-Medium.ttf */; };
		649856D22D6B2AF2001AE27E /* MontserratAlternates-SemiBold.ttf in Resources */ = {isa = PBXBuildFile; fileRef = 649856D12D6B2AF2001AE27E /* MontserratAlternates-SemiBold.ttf */; };
		649856D42D6B2E11001AE27E /* Montserrat-SemiBold.ttf in Resources */ = {isa = PBXBuildFile; fileRef = 649856D32D6B2E11001AE27E /* Montserrat-SemiBold.ttf */; };
		649856D62D6B2E45001AE27E /* Montserrat-Regular.ttf in Resources */ = {isa = PBXBuildFile; fileRef = 649856D52D6B2E45001AE27E /* Montserrat-Regular.ttf */; };
		64A8FAC02D6C5548008863FE /* SearcherView.swift in Sources */ = {isa = PBXBuildFile; fileRef = 64A8FABF2D6C5548008863FE /* SearcherView.swift */; };
		64A8FAC22D6C558C008863FE /* TopBarView.swift in Sources */ = {isa = PBXBuildFile; fileRef = 64A8FAC12D6C558C008863FE /* TopBarView.swift */; };
		64A8FAC42D6C567D008863FE /* AnnounceCardView.swift in Sources */ = {isa = PBXBuildFile; fileRef = 64A8FAC32D6C567D008863FE /* AnnounceCardView.swift */; };
		64A8FAC62D6C56C2008863FE /* BottomBarView.swift in Sources */ = {isa = PBXBuildFile; fileRef = 64A8FAC52D6C56C2008863FE /* BottomBarView.swift */; };
		64C2E3DB2D7A13C80027DBB9 /* ApiPerformerProtocol.swift in Sources */ = {isa = PBXBuildFile; fileRef = 64C2E3DA2D7A13C80027DBB9 /* ApiPerformerProtocol.swift */; };
		64C2E3DD2D7A13E00027DBB9 /* ApiPerformer.swift in Sources */ = {isa = PBXBuildFile; fileRef = 64C2E3DC2D7A13D30027DBB9 /* ApiPerformer.swift */; };
		64C2E3DF2D7A14090027DBB9 /* ApiPerformerError.swift in Sources */ = {isa = PBXBuildFile; fileRef = 64C2E3DE2D7A14090027DBB9 /* ApiPerformerError.swift */; };
		64C2E3E12D7A141C0027DBB9 /* RequestHandler.swift in Sources */ = {isa = PBXBuildFile; fileRef = 64C2E3E02D7A141C0027DBB9 /* RequestHandler.swift */; };
		64C2E3E42D7A14C10027DBB9 /* UserClient.swift in Sources */ = {isa = PBXBuildFile; fileRef = 64C2E3E32D7A14C10027DBB9 /* UserClient.swift */; };
		64C2E3E72D7A159A0027DBB9 /* User.swift in Sources */ = {isa = PBXBuildFile; fileRef = 64C2E3E62D7A159A0027DBB9 /* User.swift */; };
		64DA8A5C2D705D2E004C6C89 /* UserPageView.swift in Sources */ = {isa = PBXBuildFile; fileRef = 64DA8A5B2D705D2E004C6C89 /* UserPageView.swift */; };
		64DA8A5E2D705DFF004C6C89 /* UserDescriptionView.swift in Sources */ = {isa = PBXBuildFile; fileRef = 64DA8A5D2D705DFF004C6C89 /* UserDescriptionView.swift */; };
		64F3AD872DA1BE9900F1AD24 /* Response.swift in Sources */ = {isa = PBXBuildFile; fileRef = 64F3AD862DA1BE9900F1AD24 /* Response.swift */; };
		64F3AD892DA1BEF000F1AD24 /* ResponseClient .swift in Sources */ = {isa = PBXBuildFile; fileRef = 64F3AD882DA1BEF000F1AD24 /* ResponseClient .swift */; };
		64F3AD8B2DA1C0FB00F1AD24 /* TagClient.swift in Sources */ = {isa = PBXBuildFile; fileRef = 64F3AD8A2DA1C0FB00F1AD24 /* TagClient.swift */; };
		64F3AD8D2DA1C25500F1AD24 /* Auth.swift in Sources */ = {isa = PBXBuildFile; fileRef = 64F3AD8C2DA1C25500F1AD24 /* Auth.swift */; };
		64F3AD8F2DA5B1F700F1AD24 /* AnnouncementsScrollView.swift in Sources */ = {isa = PBXBuildFile; fileRef = 64F3AD8E2DA5B1F700F1AD24 /* AnnouncementsScrollView.swift */; };
/* End PBXBuildFile section */

/* Begin PBXFileReference section */
		6427E56A2DA073F4002379F7 /* FavoriteClient.swift */ = {isa = PBXFileReference; lastKnownFileType = sourcecode.swift; path = FavoriteClient.swift; sourceTree = "<group>"; };
		643B8BD72DCF9D5200FFEFE0 /* EditProfileModalView.swift */ = {isa = PBXFileReference; lastKnownFileType = sourcecode.swift; path = EditProfileModalView.swift; sourceTree = "<group>"; };
		64443F712DA905B1009C64A2 /* FiltersView.swift */ = {isa = PBXFileReference; lastKnownFileType = sourcecode.swift; path = FiltersView.swift; sourceTree = "<group>"; };
		64687BE52DA79F4F00CB99FA /* MainPageView.swift */ = {isa = PBXFileReference; lastKnownFileType = sourcecode.swift; path = MainPageView.swift; sourceTree = "<group>"; };
		64826B172DAFE25F00FCAF4A /* DropDownView.swift */ = {isa = PBXFileReference; lastKnownFileType = sourcecode.swift; path = DropDownView.swift; sourceTree = "<group>"; };
		64826B192DB0F8AC00FCAF4A /* AnnounceAnotherPageView.swift */ = {isa = PBXFileReference; lastKnownFileType = sourcecode.swift; path = AnnounceAnotherPageView.swift; sourceTree = "<group>"; };
		64826B1B2DB5463C00FCAF4A /* RegistrationViewModel.swift */ = {isa = PBXFileReference; lastKnownFileType = sourcecode.swift; path = RegistrationViewModel.swift; sourceTree = "<group>"; };
		64826B1E2DB5598A00FCAF4A /* KeychainService.swift */ = {isa = PBXFileReference; lastKnownFileType = sourcecode.swift; path = KeychainService.swift; sourceTree = "<group>"; };
		64826B222DB560A900FCAF4A /* RequestHandlerProtocol.swift */ = {isa = PBXFileReference; lastKnownFileType = sourcecode.swift; path = RequestHandlerProtocol.swift; sourceTree = "<group>"; };
		64826B282DB583B600FCAF4A /* UserSession.swift */ = {isa = PBXFileReference; lastKnownFileType = sourcecode.swift; path = UserSession.swift; sourceTree = "<group>"; };
		64826B2E2DBA37F100FCAF4A /* EUserPage.swift */ = {isa = PBXFileReference; lastKnownFileType = sourcecode.swift; path = EUserPage.swift; sourceTree = "<group>"; };
		64826B302DC2598100FCAF4A /* AnnounceOwnPageView.swift */ = {isa = PBXFileReference; lastKnownFileType = sourcecode.swift; path = AnnounceOwnPageView.swift; sourceTree = "<group>"; };
		64826B322DC259F300FCAF4A /* AnotherUserPageView.swift */ = {isa = PBXFileReference; lastKnownFileType = sourcecode.swift; path = AnotherUserPageView.swift; sourceTree = "<group>"; };
		64826B362DC25EB100FCAF4A /* AnotherUserProfileViewModel.swift */ = {isa = PBXFileReference; lastKnownFileType = sourcecode.swift; path = AnotherUserProfileViewModel.swift; sourceTree = "<group>"; };
		64826B422DC3613500FCAF4A /* Color+HSL.swift */ = {isa = PBXFileReference; lastKnownFileType = sourcecode.swift; path = "Color+HSL.swift"; sourceTree = "<group>"; };
		64826B432DC3613500FCAF4A /* Color+RGB.swift */ = {isa = PBXFileReference; lastKnownFileType = sourcecode.swift; path = "Color+RGB.swift"; sourceTree = "<group>"; };
		64826B442DC3613500FCAF4A /* TextFieldStyle+Font.swift */ = {isa = PBXFileReference; lastKnownFileType = sourcecode.swift; path = "TextFieldStyle+Font.swift"; sourceTree = "<group>"; };
		64826B452DC3613500FCAF4A /* UIApplication.swift */ = {isa = PBXFileReference; lastKnownFileType = sourcecode.swift; path = UIApplication.swift; sourceTree = "<group>"; };
		64826B4B2DC3617300FCAF4A /* Date+.swift */ = {isa = PBXFileReference; lastKnownFileType = sourcecode.swift; path = "Date+.swift"; sourceTree = "<group>"; };
		64826B4D2DC4A35700FCAF4A /* OwnUserPageViewModel.swift */ = {isa = PBXFileReference; lastKnownFileType = sourcecode.swift; path = OwnUserPageViewModel.swift; sourceTree = "<group>"; };
		64826B4F2DC4A4F500FCAF4A /* OwnUserPageView.swift */ = {isa = PBXFileReference; lastKnownFileType = sourcecode.swift; path = OwnUserPageView.swift; sourceTree = "<group>"; };
		64826B512DC500F800FCAF4A /* CreateAnnouncementViewModel.swift */ = {isa = PBXFileReference; lastKnownFileType = sourcecode.swift; path = CreateAnnouncementViewModel.swift; sourceTree = "<group>"; };
		64826B562DCA614B00FCAF4A /* CreateAnnouncementModalView.swift */ = {isa = PBXFileReference; lastKnownFileType = sourcecode.swift; path = CreateAnnouncementModalView.swift; sourceTree = "<group>"; };
		649450862D8B4A1C0021E6BF /* SegmentUserView.swift */ = {isa = PBXFileReference; lastKnownFileType = sourcecode.swift; path = SegmentUserView.swift; sourceTree = "<group>"; };
		6494508C2D8C82890021E6BF /* LoginView.swift */ = {isa = PBXFileReference; lastKnownFileType = sourcecode.swift; path = LoginView.swift; sourceTree = "<group>"; };
		6494508E2D8C86700021E6BF /* Montserrat-Bold.ttf */ = {isa = PBXFileReference; lastKnownFileType = file; path = "Montserrat-Bold.ttf"; sourceTree = "<group>"; };
		649450902D8D46770021E6BF /* RegistrationView.swift */ = {isa = PBXFileReference; lastKnownFileType = sourcecode.swift; path = RegistrationView.swift; sourceTree = "<group>"; };
		649450952D92A6630021E6BF /* AnnouncClient.swift */ = {isa = PBXFileReference; lastKnownFileType = sourcecode.swift; path = AnnouncClient.swift; sourceTree = "<group>"; };
		649450972D92A6D10021E6BF /* Announcement.swift */ = {isa = PBXFileReference; lastKnownFileType = sourcecode.swift; path = Announcement.swift; sourceTree = "<group>"; };
		649450992D92AA8C0021E6BF /* Tag.swift */ = {isa = PBXFileReference; lastKnownFileType = sourcecode.swift; path = Tag.swift; sourceTree = "<group>"; };
		6494509D2D994A1E0021E6BF /* AnnouncementListViewModel.swift */ = {isa = PBXFileReference; lastKnownFileType = sourcecode.swift; path = AnnouncementListViewModel.swift; sourceTree = "<group>"; };
		649450A82D9EE6BE0021E6BF /* AuthError.swift */ = {isa = PBXFileReference; lastKnownFileType = sourcecode.swift; path = AuthError.swift; sourceTree = "<group>"; };
		649450AA2D9EE7340021E6BF /* AuthClient.swift */ = {isa = PBXFileReference; lastKnownFileType = sourcecode.swift; path = AuthClient.swift; sourceTree = "<group>"; };
		649856B82D6B1A67001AE27E /* StudyMeet.app */ = {isa = PBXFileReference; explicitFileType = wrapper.application; includeInIndex = 0; path = StudyMeet.app; sourceTree = BUILT_PRODUCTS_DIR; };
		649856BB2D6B1A67001AE27E /* StudyMateApp.swift */ = {isa = PBXFileReference; lastKnownFileType = sourcecode.swift; path = StudyMateApp.swift; sourceTree = "<group>"; };
		649856BD2D6B1A67001AE27E /* ContentView.swift */ = {isa = PBXFileReference; lastKnownFileType = sourcecode.swift; path = ContentView.swift; sourceTree = "<group>"; };
		649856BF2D6B1A69001AE27E /* Assets.xcassets */ = {isa = PBXFileReference; lastKnownFileType = folder.assetcatalog; path = Assets.xcassets; sourceTree = "<group>"; };
		649856C22D6B1A69001AE27E /* Preview Assets.xcassets */ = {isa = PBXFileReference; lastKnownFileType = folder.assetcatalog; path = "Preview Assets.xcassets"; sourceTree = "<group>"; };
		649856C92D6B1D1E001AE27E /* Info.plist */ = {isa = PBXFileReference; lastKnownFileType = text.plist; path = Info.plist; sourceTree = "<group>"; };
		649856CC2D6B1FB1001AE27E /* MontserratAlternates-Bold.ttf */ = {isa = PBXFileReference; lastKnownFileType = file; path = "MontserratAlternates-Bold.ttf"; sourceTree = "<group>"; };
		649856CF2D6B21E4001AE27E /* Montserrat-Medium.ttf */ = {isa = PBXFileReference; lastKnownFileType = file; path = "Montserrat-Medium.ttf"; sourceTree = "<group>"; };
		649856D12D6B2AF2001AE27E /* MontserratAlternates-SemiBold.ttf */ = {isa = PBXFileReference; lastKnownFileType = file; path = "MontserratAlternates-SemiBold.ttf"; sourceTree = "<group>"; };
		649856D32D6B2E11001AE27E /* Montserrat-SemiBold.ttf */ = {isa = PBXFileReference; lastKnownFileType = file; path = "Montserrat-SemiBold.ttf"; sourceTree = "<group>"; };
		649856D52D6B2E45001AE27E /* Montserrat-Regular.ttf */ = {isa = PBXFileReference; lastKnownFileType = file; path = "Montserrat-Regular.ttf"; sourceTree = "<group>"; };
		64A8FABF2D6C5548008863FE /* SearcherView.swift */ = {isa = PBXFileReference; lastKnownFileType = sourcecode.swift; path = SearcherView.swift; sourceTree = "<group>"; };
		64A8FAC12D6C558C008863FE /* TopBarView.swift */ = {isa = PBXFileReference; lastKnownFileType = sourcecode.swift; path = TopBarView.swift; sourceTree = "<group>"; };
		64A8FAC32D6C567D008863FE /* AnnounceCardView.swift */ = {isa = PBXFileReference; lastKnownFileType = sourcecode.swift; path = AnnounceCardView.swift; sourceTree = "<group>"; };
		64A8FAC52D6C56C2008863FE /* BottomBarView.swift */ = {isa = PBXFileReference; lastKnownFileType = sourcecode.swift; path = BottomBarView.swift; sourceTree = "<group>"; };
		64C2E3DA2D7A13C80027DBB9 /* ApiPerformerProtocol.swift */ = {isa = PBXFileReference; lastKnownFileType = sourcecode.swift; path = ApiPerformerProtocol.swift; sourceTree = "<group>"; };
		64C2E3DC2D7A13D30027DBB9 /* ApiPerformer.swift */ = {isa = PBXFileReference; lastKnownFileType = sourcecode.swift; path = ApiPerformer.swift; sourceTree = "<group>"; };
		64C2E3DE2D7A14090027DBB9 /* ApiPerformerError.swift */ = {isa = PBXFileReference; lastKnownFileType = sourcecode.swift; path = ApiPerformerError.swift; sourceTree = "<group>"; };
		64C2E3E02D7A141C0027DBB9 /* RequestHandler.swift */ = {isa = PBXFileReference; lastKnownFileType = sourcecode.swift; path = RequestHandler.swift; sourceTree = "<group>"; };
		64C2E3E32D7A14C10027DBB9 /* UserClient.swift */ = {isa = PBXFileReference; lastKnownFileType = sourcecode.swift; path = UserClient.swift; sourceTree = "<group>"; };
		64C2E3E62D7A159A0027DBB9 /* User.swift */ = {isa = PBXFileReference; lastKnownFileType = sourcecode.swift; path = User.swift; sourceTree = "<group>"; };
		64DA8A5B2D705D2E004C6C89 /* UserPageView.swift */ = {isa = PBXFileReference; lastKnownFileType = sourcecode.swift; path = UserPageView.swift; sourceTree = "<group>"; };
		64DA8A5D2D705DFF004C6C89 /* UserDescriptionView.swift */ = {isa = PBXFileReference; lastKnownFileType = sourcecode.swift; path = UserDescriptionView.swift; sourceTree = "<group>"; };
		64F3AD862DA1BE9900F1AD24 /* Response.swift */ = {isa = PBXFileReference; lastKnownFileType = sourcecode.swift; path = Response.swift; sourceTree = "<group>"; };
		64F3AD882DA1BEF000F1AD24 /* ResponseClient .swift */ = {isa = PBXFileReference; lastKnownFileType = sourcecode.swift; path = "ResponseClient .swift"; sourceTree = "<group>"; };
		64F3AD8A2DA1C0FB00F1AD24 /* TagClient.swift */ = {isa = PBXFileReference; lastKnownFileType = sourcecode.swift; path = TagClient.swift; sourceTree = "<group>"; };
		64F3AD8C2DA1C25500F1AD24 /* Auth.swift */ = {isa = PBXFileReference; lastKnownFileType = sourcecode.swift; path = Auth.swift; sourceTree = "<group>"; };
		64F3AD8E2DA5B1F700F1AD24 /* AnnouncementsScrollView.swift */ = {isa = PBXFileReference; lastKnownFileType = sourcecode.swift; path = AnnouncementsScrollView.swift; sourceTree = "<group>"; };
/* End PBXFileReference section */

/* Begin PBXFrameworksBuildPhase section */
		649856B52D6B1A67001AE27E /* Frameworks */ = {
			isa = PBXFrameworksBuildPhase;
			buildActionMask = 2147483647;
			files = (
			);
			runOnlyForDeploymentPostprocessing = 0;
		};
/* End PBXFrameworksBuildPhase section */

/* Begin PBXGroup section */
		64826B162DAFE24E00FCAF4A /* Filter */ = {
			isa = PBXGroup;
			children = (
				64443F712DA905B1009C64A2 /* FiltersView.swift */,
				64826B172DAFE25F00FCAF4A /* DropDownView.swift */,
			);
			path = Filter;
			sourceTree = "<group>";
		};
		64826B1D2DB5597B00FCAF4A /* Security */ = {
			isa = PBXGroup;
			children = (
				64826B1E2DB5598A00FCAF4A /* KeychainService.swift */,
				64826B282DB583B600FCAF4A /* UserSession.swift */,
			);
			path = Security;
			sourceTree = "<group>";
		};
		64826B462DC3613500FCAF4A /* Extensions */ = {
			isa = PBXGroup;
			children = (
				64826B422DC3613500FCAF4A /* Color+HSL.swift */,
				64826B432DC3613500FCAF4A /* Color+RGB.swift */,
				64826B442DC3613500FCAF4A /* TextFieldStyle+Font.swift */,
				64826B452DC3613500FCAF4A /* UIApplication.swift */,
				64826B4B2DC3617300FCAF4A /* Date+.swift */,
			);
			path = Extensions;
			sourceTree = "<group>";
		};
		64826B532DCA60A000FCAF4A /* ModalStateManager */ = {
			isa = PBXGroup;
			children = (
			);
			path = ModalStateManager;
			sourceTree = "<group>";
		};
		649450852D8B49B90021E6BF /* UserPage */ = {
			isa = PBXGroup;
			children = (
				64DA8A5B2D705D2E004C6C89 /* UserPageView.swift */,
				64DA8A5D2D705DFF004C6C89 /* UserDescriptionView.swift */,
				649450862D8B4A1C0021E6BF /* SegmentUserView.swift */,
				64826B192DB0F8AC00FCAF4A /* AnnounceAnotherPageView.swift */,
				64826B302DC2598100FCAF4A /* AnnounceOwnPageView.swift */,
				64826B322DC259F300FCAF4A /* AnotherUserPageView.swift */,
				64826B4F2DC4A4F500FCAF4A /* OwnUserPageView.swift */,
				643B8BD72DCF9D5200FFEFE0 /* EditProfileModalView.swift */,
			);
			path = UserPage;
			sourceTree = "<group>";
		};
		6494508A2D8C818C0021E6BF /* MainPage */ = {
			isa = PBXGroup;
			children = (
				64826B2E2DBA37F100FCAF4A /* EUserPage.swift */,
				64826B162DAFE24E00FCAF4A /* Filter */,
				64A8FABF2D6C5548008863FE /* SearcherView.swift */,
				64F3AD8E2DA5B1F700F1AD24 /* AnnouncementsScrollView.swift */,
				64687BE52DA79F4F00CB99FA /* MainPageView.swift */,
				64A8FAC52D6C56C2008863FE /* BottomBarView.swift */,
				64A8FAC12D6C558C008863FE /* TopBarView.swift */,
				64826B562DCA614B00FCAF4A /* CreateAnnouncementModalView.swift */,
			);
			path = MainPage;
			sourceTree = "<group>";
		};
		6494508B2D8C82780021E6BF /* RegistrationPage */ = {
			isa = PBXGroup;
			children = (
				6494508C2D8C82890021E6BF /* LoginView.swift */,
				649450902D8D46770021E6BF /* RegistrationView.swift */,
			);
			path = RegistrationPage;
			sourceTree = "<group>";
		};
		6494509B2D9948A50021E6BF /* ViewModels */ = {
			isa = PBXGroup;
			children = (
				64826B1B2DB5463C00FCAF4A /* RegistrationViewModel.swift */,
				6494509D2D994A1E0021E6BF /* AnnouncementListViewModel.swift */,
				64826B362DC25EB100FCAF4A /* AnotherUserProfileViewModel.swift */,
				64826B4D2DC4A35700FCAF4A /* OwnUserPageViewModel.swift */,
				64826B512DC500F800FCAF4A /* CreateAnnouncementViewModel.swift */,
			);
			path = ViewModels;
			sourceTree = "<group>";
		};
		6494509C2D9949BF0021E6BF /* AnnounceCard */ = {
			isa = PBXGroup;
			children = (
				64A8FAC32D6C567D008863FE /* AnnounceCardView.swift */,
			);
			path = AnnounceCard;
			sourceTree = "<group>";
		};
		649450A52D9EE6100021E6BF /* AuthClient */ = {
			isa = PBXGroup;
			children = (
				649450A82D9EE6BE0021E6BF /* AuthError.swift */,
				649450AA2D9EE7340021E6BF /* AuthClient.swift */,
			);
			path = AuthClient;
			sourceTree = "<group>";
		};
		649856AF2D6B1A67001AE27E = {
			isa = PBXGroup;
			children = (
				64826B462DC3613500FCAF4A /* Extensions */,
				649856CE2D6B1FBA001AE27E /* Fonts */,
				649856BA2D6B1A67001AE27E /* StudyMeet */,
				649856B92D6B1A67001AE27E /* Products */,
			);
			sourceTree = "<group>";
		};
		649856B92D6B1A67001AE27E /* Products */ = {
			isa = PBXGroup;
			children = (
				649856B82D6B1A67001AE27E /* StudyMeet.app */,
			);
			name = Products;
			sourceTree = "<group>";
		};
		649856BA2D6B1A67001AE27E /* StudyMeet */ = {
			isa = PBXGroup;
			children = (
				64826B532DCA60A000FCAF4A /* ModalStateManager */,
				6494509B2D9948A50021E6BF /* ViewModels */,
				64C2E3E52D7A158C0027DBB9 /* Models */,
				64C2E3D82D7A13500027DBB9 /* NetWork */,
				64A8FABE2D6C5532008863FE /* Views */,
				649856C92D6B1D1E001AE27E /* Info.plist */,
				649856BB2D6B1A67001AE27E /* StudyMateApp.swift */,
				649856BD2D6B1A67001AE27E /* ContentView.swift */,
				649856BF2D6B1A69001AE27E /* Assets.xcassets */,
				649856C12D6B1A69001AE27E /* Preview Content */,
			);
			path = StudyMeet;
			sourceTree = "<group>";
		};
		649856C12D6B1A69001AE27E /* Preview Content */ = {
			isa = PBXGroup;
			children = (
				649856C22D6B1A69001AE27E /* Preview Assets.xcassets */,
			);
			path = "Preview Content";
			sourceTree = "<group>";
		};
		649856CE2D6B1FBA001AE27E /* Fonts */ = {
			isa = PBXGroup;
			children = (
				6494508E2D8C86700021E6BF /* Montserrat-Bold.ttf */,
				649856D52D6B2E45001AE27E /* Montserrat-Regular.ttf */,
				649856D32D6B2E11001AE27E /* Montserrat-SemiBold.ttf */,
				649856D12D6B2AF2001AE27E /* MontserratAlternates-SemiBold.ttf */,
				649856CF2D6B21E4001AE27E /* Montserrat-Medium.ttf */,
				649856CC2D6B1FB1001AE27E /* MontserratAlternates-Bold.ttf */,
			);
			path = Fonts;
			sourceTree = "<group>";
		};
		64A8FABE2D6C5532008863FE /* Views */ = {
			isa = PBXGroup;
			children = (
				6494509C2D9949BF0021E6BF /* AnnounceCard */,
				6494508B2D8C82780021E6BF /* RegistrationPage */,
				6494508A2D8C818C0021E6BF /* MainPage */,
				649450852D8B49B90021E6BF /* UserPage */,
			);
			path = Views;
			sourceTree = "<group>";
		};
		64C2E3D82D7A13500027DBB9 /* NetWork */ = {
			isa = PBXGroup;
			children = (
				64826B1D2DB5597B00FCAF4A /* Security */,
				649450A52D9EE6100021E6BF /* AuthClient */,
				64C2E3E22D7A14AB0027DBB9 /* StudyMeetClient */,
				64C2E3D92D7A13B10027DBB9 /* ApiPerformer */,
			);
			path = NetWork;
			sourceTree = "<group>";
		};
		64C2E3D92D7A13B10027DBB9 /* ApiPerformer */ = {
			isa = PBXGroup;
			children = (
				64C2E3DC2D7A13D30027DBB9 /* ApiPerformer.swift */,
				64C2E3DA2D7A13C80027DBB9 /* ApiPerformerProtocol.swift */,
				64C2E3DE2D7A14090027DBB9 /* ApiPerformerError.swift */,
				64C2E3E02D7A141C0027DBB9 /* RequestHandler.swift */,
				64826B222DB560A900FCAF4A /* RequestHandlerProtocol.swift */,
			);
			path = ApiPerformer;
			sourceTree = "<group>";
		};
		64C2E3E22D7A14AB0027DBB9 /* StudyMeetClient */ = {
			isa = PBXGroup;
			children = (
				64C2E3E32D7A14C10027DBB9 /* UserClient.swift */,
				649450952D92A6630021E6BF /* AnnouncClient.swift */,
				6427E56A2DA073F4002379F7 /* FavoriteClient.swift */,
				64F3AD882DA1BEF000F1AD24 /* ResponseClient .swift */,
				64F3AD8A2DA1C0FB00F1AD24 /* TagClient.swift */,
			);
			path = StudyMeetClient;
			sourceTree = "<group>";
		};
		64C2E3E52D7A158C0027DBB9 /* Models */ = {
			isa = PBXGroup;
			children = (
				64C2E3E62D7A159A0027DBB9 /* User.swift */,
				64F3AD8C2DA1C25500F1AD24 /* Auth.swift */,
				649450972D92A6D10021E6BF /* Announcement.swift */,
				649450992D92AA8C0021E6BF /* Tag.swift */,
				64F3AD862DA1BE9900F1AD24 /* Response.swift */,
			);
			path = Models;
			sourceTree = "<group>";
		};
/* End PBXGroup section */

/* Begin PBXNativeTarget section */
		649856B72D6B1A67001AE27E /* StudyMeet */ = {
			isa = PBXNativeTarget;
			buildConfigurationList = 649856C62D6B1A69001AE27E /* Build configuration list for PBXNativeTarget "StudyMeet" */;
			buildPhases = (
				649856B42D6B1A67001AE27E /* Sources */,
				649856B52D6B1A67001AE27E /* Frameworks */,
				649856B62D6B1A67001AE27E /* Resources */,
			);
			buildRules = (
			);
			dependencies = (
			);
			name = StudyMeet;
			productName = StudyMate;
			productReference = 649856B82D6B1A67001AE27E /* StudyMeet.app */;
			productType = "com.apple.product-type.application";
		};
/* End PBXNativeTarget section */

/* Begin PBXProject section */
		649856B02D6B1A67001AE27E /* Project object */ = {
			isa = PBXProject;
			attributes = {
				BuildIndependentTargetsInParallel = 1;
				LastSwiftUpdateCheck = 1540;
				LastUpgradeCheck = 1540;
				TargetAttributes = {
					649856B72D6B1A67001AE27E = {
						CreatedOnToolsVersion = 15.4;
					};
				};
			};
			buildConfigurationList = 649856B32D6B1A67001AE27E /* Build configuration list for PBXProject "StudyMeet" */;
			compatibilityVersion = "Xcode 14.0";
			developmentRegion = en;
			hasScannedForEncodings = 0;
			knownRegions = (
				en,
				Base,
			);
			mainGroup = 649856AF2D6B1A67001AE27E;
			productRefGroup = 649856B92D6B1A67001AE27E /* Products */;
			projectDirPath = "";
			projectRoot = "";
			targets = (
				649856B72D6B1A67001AE27E /* StudyMeet */,
			);
		};
/* End PBXProject section */

/* Begin PBXResourcesBuildPhase section */
		649856B62D6B1A67001AE27E /* Resources */ = {
			isa = PBXResourcesBuildPhase;
			buildActionMask = 2147483647;
			files = (
				649856D62D6B2E45001AE27E /* Montserrat-Regular.ttf in Resources */,
				649856D42D6B2E11001AE27E /* Montserrat-SemiBold.ttf in Resources */,
				649856D22D6B2AF2001AE27E /* MontserratAlternates-SemiBold.ttf in Resources */,
				649856D02D6B21E4001AE27E /* Montserrat-Medium.ttf in Resources */,
				6494508F2D8C86700021E6BF /* Montserrat-Bold.ttf in Resources */,
				649856CD2D6B1FB1001AE27E /* MontserratAlternates-Bold.ttf in Resources */,
				649856C32D6B1A69001AE27E /* Preview Assets.xcassets in Resources */,
				649856C02D6B1A69001AE27E /* Assets.xcassets in Resources */,
			);
			runOnlyForDeploymentPostprocessing = 0;
		};
/* End PBXResourcesBuildPhase section */

/* Begin PBXSourcesBuildPhase section */
		649856B42D6B1A67001AE27E /* Sources */ = {
			isa = PBXSourcesBuildPhase;
			buildActionMask = 2147483647;
			files = (
				64F3AD8F2DA5B1F700F1AD24 /* AnnouncementsScrollView.swift in Sources */,
				64C2E3DF2D7A14090027DBB9 /* ApiPerformerError.swift in Sources */,
				64A8FAC42D6C567D008863FE /* AnnounceCardView.swift in Sources */,
				64826B1C2DB5463C00FCAF4A /* RegistrationViewModel.swift in Sources */,
				649856BE2D6B1A67001AE27E /* ContentView.swift in Sources */,
				6494509A2D92AA8C0021E6BF /* Tag.swift in Sources */,
				64826B182DAFE25F00FCAF4A /* DropDownView.swift in Sources */,
				64DA8A5E2D705DFF004C6C89 /* UserDescriptionView.swift in Sources */,
				64443F722DA905B1009C64A2 /* FiltersView.swift in Sources */,
				64C2E3DB2D7A13C80027DBB9 /* ApiPerformerProtocol.swift in Sources */,
				649450912D8D46770021E6BF /* RegistrationView.swift in Sources */,
				64826B232DB560A900FCAF4A /* RequestHandlerProtocol.swift in Sources */,
				64826B522DC500F800FCAF4A /* CreateAnnouncementViewModel.swift in Sources */,
				64826B292DB583B600FCAF4A /* UserSession.swift in Sources */,
				64DA8A5C2D705D2E004C6C89 /* UserPageView.swift in Sources */,
				64F3AD892DA1BEF000F1AD24 /* ResponseClient .swift in Sources */,
				649450982D92A6D10021E6BF /* Announcement.swift in Sources */,
				64826B372DC25EB100FCAF4A /* AnotherUserProfileViewModel.swift in Sources */,
				64C2E3E12D7A141C0027DBB9 /* RequestHandler.swift in Sources */,
				64826B2F2DBA37F100FCAF4A /* EUserPage.swift in Sources */,
				64826B312DC2598100FCAF4A /* AnnounceOwnPageView.swift in Sources */,
				6494508D2D8C82890021E6BF /* LoginView.swift in Sources */,
				64826B1F2DB5598A00FCAF4A /* KeychainService.swift in Sources */,
				64826B472DC3613500FCAF4A /* TextFieldStyle+Font.swift in Sources */,
				64826B482DC3613500FCAF4A /* Color+RGB.swift in Sources */,
				64826B492DC3613500FCAF4A /* UIApplication.swift in Sources */,
				64826B4A2DC3613500FCAF4A /* Color+HSL.swift in Sources */,
				64826B1A2DB0F8AC00FCAF4A /* AnnounceAnotherPageView.swift in Sources */,
				64C2E3E72D7A159A0027DBB9 /* User.swift in Sources */,
				64687BE62DA79F4F00CB99FA /* MainPageView.swift in Sources */,
				6494509E2D994A1E0021E6BF /* AnnouncementListViewModel.swift in Sources */,
				64826B572DCA614B00FCAF4A /* CreateAnnouncementModalView.swift in Sources */,
				649856BC2D6B1A67001AE27E /* StudyMateApp.swift in Sources */,
				64A8FAC62D6C56C2008863FE /* BottomBarView.swift in Sources */,
				64F3AD872DA1BE9900F1AD24 /* Response.swift in Sources */,
				649450AB2D9EE7340021E6BF /* AuthClient.swift in Sources */,
				649450A92D9EE6BE0021E6BF /* AuthError.swift in Sources */,
				64F3AD8D2DA1C25500F1AD24 /* Auth.swift in Sources */,
				64826B4C2DC3617300FCAF4A /* Date+.swift in Sources */,
				64A8FAC22D6C558C008863FE /* TopBarView.swift in Sources */,
				64C2E3E42D7A14C10027DBB9 /* UserClient.swift in Sources */,
				64826B502DC4A4F500FCAF4A /* OwnUserPageView.swift in Sources */,
				649450872D8B4A1C0021E6BF /* SegmentUserView.swift in Sources */,
				64826B332DC259F300FCAF4A /* AnotherUserPageView.swift in Sources */,
				64F3AD8B2DA1C0FB00F1AD24 /* TagClient.swift in Sources */,
				64A8FAC02D6C5548008863FE /* SearcherView.swift in Sources */,
				64C2E3DD2D7A13E00027DBB9 /* ApiPerformer.swift in Sources */,
				6427E56B2DA073F4002379F7 /* FavoriteClient.swift in Sources */,
				64826B4E2DC4A35700FCAF4A /* OwnUserPageViewModel.swift in Sources */,
				643B8BD82DCF9D5200FFEFE0 /* EditProfileModalView.swift in Sources */,
				649450962D92A6630021E6BF /* AnnouncClient.swift in Sources */,
			);
			runOnlyForDeploymentPostprocessing = 0;
		};
/* End PBXSourcesBuildPhase section */

/* Begin XCBuildConfiguration section */
		649856C42D6B1A69001AE27E /* Debug */ = {
			isa = XCBuildConfiguration;
			buildSettings = {
				ALWAYS_SEARCH_USER_PATHS = NO;
				ASSETCATALOG_COMPILER_GENERATE_SWIFT_ASSET_SYMBOL_EXTENSIONS = YES;
				CLANG_ANALYZER_NONNULL = YES;
				CLANG_ANALYZER_NUMBER_OBJECT_CONVERSION = YES_AGGRESSIVE;
				CLANG_CXX_LANGUAGE_STANDARD = "gnu++20";
				CLANG_ENABLE_MODULES = YES;
				CLANG_ENABLE_OBJC_ARC = YES;
				CLANG_ENABLE_OBJC_WEAK = YES;
				CLANG_WARN_BLOCK_CAPTURE_AUTORELEASING = YES;
				CLANG_WARN_BOOL_CONVERSION = YES;
				CLANG_WARN_COMMA = YES;
				CLANG_WARN_CONSTANT_CONVERSION = YES;
				CLANG_WARN_DEPRECATED_OBJC_IMPLEMENTATIONS = YES;
				CLANG_WARN_DIRECT_OBJC_ISA_USAGE = YES_ERROR;
				CLANG_WARN_DOCUMENTATION_COMMENTS = YES;
				CLANG_WARN_EMPTY_BODY = YES;
				CLANG_WARN_ENUM_CONVERSION = YES;
				CLANG_WARN_INFINITE_RECURSION = YES;
				CLANG_WARN_INT_CONVERSION = YES;
				CLANG_WARN_NON_LITERAL_NULL_CONVERSION = YES;
				CLANG_WARN_OBJC_IMPLICIT_RETAIN_SELF = YES;
				CLANG_WARN_OBJC_LITERAL_CONVERSION = YES;
				CLANG_WARN_OBJC_ROOT_CLASS = YES_ERROR;
				CLANG_WARN_QUOTED_INCLUDE_IN_FRAMEWORK_HEADER = YES;
				CLANG_WARN_RANGE_LOOP_ANALYSIS = YES;
				CLANG_WARN_STRICT_PROTOTYPES = YES;
				CLANG_WARN_SUSPICIOUS_MOVE = YES;
				CLANG_WARN_UNGUARDED_AVAILABILITY = YES_AGGRESSIVE;
				CLANG_WARN_UNREACHABLE_CODE = YES;
				CLANG_WARN__DUPLICATE_METHOD_MATCH = YES;
				COPY_PHASE_STRIP = NO;
				DEBUG_INFORMATION_FORMAT = dwarf;
				ENABLE_STRICT_OBJC_MSGSEND = YES;
				ENABLE_TESTABILITY = YES;
				ENABLE_USER_SCRIPT_SANDBOXING = YES;
				GCC_C_LANGUAGE_STANDARD = gnu17;
				GCC_DYNAMIC_NO_PIC = NO;
				GCC_NO_COMMON_BLOCKS = YES;
				GCC_OPTIMIZATION_LEVEL = 0;
				GCC_PREPROCESSOR_DEFINITIONS = (
					"DEBUG=1",
					"$(inherited)",
				);
				GCC_WARN_64_TO_32_BIT_CONVERSION = YES;
				GCC_WARN_ABOUT_RETURN_TYPE = YES_ERROR;
				GCC_WARN_UNDECLARED_SELECTOR = YES;
				GCC_WARN_UNINITIALIZED_AUTOS = YES_AGGRESSIVE;
				GCC_WARN_UNUSED_FUNCTION = YES;
				GCC_WARN_UNUSED_VARIABLE = YES;
				IPHONEOS_DEPLOYMENT_TARGET = 17.5;
				LOCALIZATION_PREFERS_STRING_CATALOGS = YES;
				MTL_ENABLE_DEBUG_INFO = INCLUDE_SOURCE;
				MTL_FAST_MATH = YES;
				ONLY_ACTIVE_ARCH = YES;
				SDKROOT = iphoneos;
				SWIFT_ACTIVE_COMPILATION_CONDITIONS = "DEBUG $(inherited)";
				SWIFT_OPTIMIZATION_LEVEL = "-Onone";
			};
			name = Debug;
		};
		649856C52D6B1A69001AE27E /* Release */ = {
			isa = XCBuildConfiguration;
			buildSettings = {
				ALWAYS_SEARCH_USER_PATHS = NO;
				ASSETCATALOG_COMPILER_GENERATE_SWIFT_ASSET_SYMBOL_EXTENSIONS = YES;
				CLANG_ANALYZER_NONNULL = YES;
				CLANG_ANALYZER_NUMBER_OBJECT_CONVERSION = YES_AGGRESSIVE;
				CLANG_CXX_LANGUAGE_STANDARD = "gnu++20";
				CLANG_ENABLE_MODULES = YES;
				CLANG_ENABLE_OBJC_ARC = YES;
				CLANG_ENABLE_OBJC_WEAK = YES;
				CLANG_WARN_BLOCK_CAPTURE_AUTORELEASING = YES;
				CLANG_WARN_BOOL_CONVERSION = YES;
				CLANG_WARN_COMMA = YES;
				CLANG_WARN_CONSTANT_CONVERSION = YES;
				CLANG_WARN_DEPRECATED_OBJC_IMPLEMENTATIONS = YES;
				CLANG_WARN_DIRECT_OBJC_ISA_USAGE = YES_ERROR;
				CLANG_WARN_DOCUMENTATION_COMMENTS = YES;
				CLANG_WARN_EMPTY_BODY = YES;
				CLANG_WARN_ENUM_CONVERSION = YES;
				CLANG_WARN_INFINITE_RECURSION = YES;
				CLANG_WARN_INT_CONVERSION = YES;
				CLANG_WARN_NON_LITERAL_NULL_CONVERSION = YES;
				CLANG_WARN_OBJC_IMPLICIT_RETAIN_SELF = YES;
				CLANG_WARN_OBJC_LITERAL_CONVERSION = YES;
				CLANG_WARN_OBJC_ROOT_CLASS = YES_ERROR;
				CLANG_WARN_QUOTED_INCLUDE_IN_FRAMEWORK_HEADER = YES;
				CLANG_WARN_RANGE_LOOP_ANALYSIS = YES;
				CLANG_WARN_STRICT_PROTOTYPES = YES;
				CLANG_WARN_SUSPICIOUS_MOVE = YES;
				CLANG_WARN_UNGUARDED_AVAILABILITY = YES_AGGRESSIVE;
				CLANG_WARN_UNREACHABLE_CODE = YES;
				CLANG_WARN__DUPLICATE_METHOD_MATCH = YES;
				COPY_PHASE_STRIP = NO;
				DEBUG_INFORMATION_FORMAT = "dwarf-with-dsym";
				ENABLE_NS_ASSERTIONS = NO;
				ENABLE_STRICT_OBJC_MSGSEND = YES;
				ENABLE_USER_SCRIPT_SANDBOXING = YES;
				GCC_C_LANGUAGE_STANDARD = gnu17;
				GCC_NO_COMMON_BLOCKS = YES;
				GCC_WARN_64_TO_32_BIT_CONVERSION = YES;
				GCC_WARN_ABOUT_RETURN_TYPE = YES_ERROR;
				GCC_WARN_UNDECLARED_SELECTOR = YES;
				GCC_WARN_UNINITIALIZED_AUTOS = YES_AGGRESSIVE;
				GCC_WARN_UNUSED_FUNCTION = YES;
				GCC_WARN_UNUSED_VARIABLE = YES;
				IPHONEOS_DEPLOYMENT_TARGET = 17.5;
				LOCALIZATION_PREFERS_STRING_CATALOGS = YES;
				MTL_ENABLE_DEBUG_INFO = NO;
				MTL_FAST_MATH = YES;
				SDKROOT = iphoneos;
				SWIFT_COMPILATION_MODE = wholemodule;
				VALIDATE_PRODUCT = YES;
			};
			name = Release;
		};
		649856C72D6B1A69001AE27E /* Debug */ = {
			isa = XCBuildConfiguration;
			buildSettings = {
				ASSETCATALOG_COMPILER_APPICON_NAME = AppIcon;
				ASSETCATALOG_COMPILER_GLOBAL_ACCENT_COLOR_NAME = AccentColor;
				CODE_SIGN_STYLE = Automatic;
				CURRENT_PROJECT_VERSION = 1;
				DEVELOPMENT_ASSET_PATHS = "\"StudyMeet/Preview Content\"";
				DEVELOPMENT_TEAM = A5M62BTJ27;
				ENABLE_PREVIEWS = YES;
				GENERATE_INFOPLIST_FILE = YES;
				INFOPLIST_FILE = StudyMeet/Info.plist;
				INFOPLIST_KEY_UIApplicationSceneManifest_Generation = YES;
				INFOPLIST_KEY_UIApplicationSupportsIndirectInputEvents = YES;
				INFOPLIST_KEY_UILaunchScreen_Generation = YES;
				INFOPLIST_KEY_UISupportedInterfaceOrientations_iPad = "UIInterfaceOrientationPortrait UIInterfaceOrientationPortraitUpsideDown UIInterfaceOrientationLandscapeLeft UIInterfaceOrientationLandscapeRight";
				INFOPLIST_KEY_UISupportedInterfaceOrientations_iPhone = "UIInterfaceOrientationPortrait UIInterfaceOrientationLandscapeLeft UIInterfaceOrientationLandscapeRight";
				IPHONEOS_DEPLOYMENT_TARGET = 16.6;
				LD_RUNPATH_SEARCH_PATHS = (
					"$(inherited)",
					"@executable_path/Frameworks",
				);
				MARKETING_VERSION = 1.0;
				PRODUCT_BUNDLE_IDENTIFIER = com.danila.StudyMeet;
				PRODUCT_NAME = "$(TARGET_NAME)";
				SWIFT_EMIT_LOC_STRINGS = YES;
				SWIFT_VERSION = 5.0;
				TARGETED_DEVICE_FAMILY = "1,2";
			};
			name = Debug;
		};
		649856C82D6B1A69001AE27E /* Release */ = {
			isa = XCBuildConfiguration;
			buildSettings = {
				ASSETCATALOG_COMPILER_APPICON_NAME = AppIcon;
				ASSETCATALOG_COMPILER_GLOBAL_ACCENT_COLOR_NAME = AccentColor;
				CODE_SIGN_STYLE = Automatic;
				CURRENT_PROJECT_VERSION = 1;
				DEVELOPMENT_ASSET_PATHS = "\"StudyMeet/Preview Content\"";
				DEVELOPMENT_TEAM = A5M62BTJ27;
				ENABLE_PREVIEWS = YES;
				GENERATE_INFOPLIST_FILE = YES;
				INFOPLIST_FILE = StudyMeet/Info.plist;
				INFOPLIST_KEY_UIApplicationSceneManifest_Generation = YES;
				INFOPLIST_KEY_UIApplicationSupportsIndirectInputEvents = YES;
				INFOPLIST_KEY_UILaunchScreen_Generation = YES;
				INFOPLIST_KEY_UISupportedInterfaceOrientations_iPad = "UIInterfaceOrientationPortrait UIInterfaceOrientationPortraitUpsideDown UIInterfaceOrientationLandscapeLeft UIInterfaceOrientationLandscapeRight";
				INFOPLIST_KEY_UISupportedInterfaceOrientations_iPhone = "UIInterfaceOrientationPortrait UIInterfaceOrientationLandscapeLeft UIInterfaceOrientationLandscapeRight";
				IPHONEOS_DEPLOYMENT_TARGET = 16.6;
				LD_RUNPATH_SEARCH_PATHS = (
					"$(inherited)",
					"@executable_path/Frameworks",
				);
				MARKETING_VERSION = 1.0;
				PRODUCT_BUNDLE_IDENTIFIER = com.danila.StudyMeet;
				PRODUCT_NAME = "$(TARGET_NAME)";
				SWIFT_EMIT_LOC_STRINGS = YES;
				SWIFT_VERSION = 5.0;
				TARGETED_DEVICE_FAMILY = "1,2";
			};
			name = Release;
		};
/* End XCBuildConfiguration section */

/* Begin XCConfigurationList section */
		649856B32D6B1A67001AE27E /* Build configuration list for PBXProject "StudyMeet" */ = {
			isa = XCConfigurationList;
			buildConfigurations = (
				649856C42D6B1A69001AE27E /* Debug */,
				649856C52D6B1A69001AE27E /* Release */,
			);
			defaultConfigurationIsVisible = 0;
			defaultConfigurationName = Release;
		};
		649856C62D6B1A69001AE27E /* Build configuration list for PBXNativeTarget "StudyMeet" */ = {
			isa = XCConfigurationList;
			buildConfigurations = (
				649856C72D6B1A69001AE27E /* Debug */,
				649856C82D6B1A69001AE27E /* Release */,
			);
			defaultConfigurationIsVisible = 0;
			defaultConfigurationName = Release;
		};
/* End XCConfigurationList section */
	};
	rootObject = 649856B02D6B1A67001AE27E /* Project object */;
}
